
Microsoft Visual Studio Solution File, Format Version 12.00
# Visual Studio Version 16
VisualStudioVersion = 16.0.29001.49
MinimumVisualStudioVersion = 10.0.40219.1
Project("{FAE04EC0-301F-11D3-BF4B-00C04F79EFBC}") = "MultiPlayerNIIES", "MultiPlayerNIIES\MultiPlayerNIIES.csproj", "{FD705D7B-7478-4A84-B919-354ECFC43F41}"
EndProject
Project("{FAE04EC0-301F-11D3-BF4B-00C04F79EFBC}") = "WpfPostMessage", "WpfPostMessage\WpfPostMessage.csproj", "{CF848A4D-A797-4D88-B7D4-B97E01816EA8}"
EndProject
Project("{FAE04EC0-301F-11D3-BF4B-00C04F79EFBC}") = "WindowsFormsApp1", "WindowsFormsApp1\WindowsFormsApp1.csproj", "{A95C3D4E-A7F8-428F-AB92-DB78D8F7C988}"
EndProject
Project("{FAE04EC0-301F-11D3-BF4B-00C04F79EFBC}") = "WindowsFormsVideoControl", "WindowsFormsVideoControl\WindowsFormsVideoControl.csproj", "{F2ACB569-E6D0-4752-AD17-8D87D63C7FFB}"
EndProject
Global
	GlobalSection(SolutionConfigurationPlatforms) = preSolution
		Debug|Any CPU = Debug|Any CPU
		Debug|x64 = Debug|x64
		Debug|x86 = Debug|x86
		Release|Any CPU = Release|Any CPU
		Release|x64 = Release|x64
		Release|x86 = Release|x86
	EndGlobalSection
	GlobalSection(ProjectConfigurationPlatforms) = postSolution
		{FD705D7B-7478-4A84-B919-354ECFC43F41}.Debug|Any CPU.ActiveCfg = Debug|Any CPU
		{FD705D7B-7478-4A84-B919-354ECFC43F41}.Debug|Any CPU.Build.0 = Debug|Any CPU
		{FD705D7B-7478-4A84-B919-354ECFC43F41}.Debug|x64.ActiveCfg = Debug|x64
		{FD705D7B-7478-4A84-B919-354ECFC43F41}.Debug|x64.Build.0 = Debug|x64
		{FD705D7B-7478-4A84-B919-354ECFC43F41}.Debug|x86.ActiveCfg = Debug|x86
		{FD705D7B-7478-4A84-B919-354ECFC43F41}.Debug|x86.Build.0 = Debug|x86
		{FD705D7B-7478-4A84-B919-354ECFC43F41}.Release|Any CPU.ActiveCfg = Release|Any CPU
		{FD705D7B-7478-4A84-B919-354ECFC43F41}.Release|Any CPU.Build.0 = Release|Any CPU
		{FD705D7B-7478-4A84-B919-354ECFC43F41}.Release|x64.ActiveCfg = Release|x64
		{FD705D7B-7478-4A84-B919-354ECFC43F41}.Release|x64.Build.0 = Release|x64
		{FD705D7B-7478-4A84-B919-354ECFC43F41}.Release|x86.ActiveCfg = Release|x86
		{FD705D7B-7478-4A84-B919-354ECFC43F41}.Release|x86.Build.0 = Release|x86
		{CF848A4D-A797-4D88-B7D4-B97E01816EA8}.Debug|Any CPU.ActiveCfg = Debug|Any CPU
		{CF848A4D-A797-4D88-B7D4-B97E01816EA8}.Debug|Any CPU.Build.0 = Debug|Any CPU
		{CF848A4D-A797-4D88-B7D4-B97E01816EA8}.Debug|x64.ActiveCfg = Debug|Any CPU
		{CF848A4D-A797-4D88-B7D4-B97E01816EA8}.Debug|x64.Build.0 = Debug|Any CPU
		{CF848A4D-A797-4D88-B7D4-B97E01816EA8}.Debug|x86.ActiveCfg = Debug|Any CPU
		{CF848A4D-A797-4D88-B7D4-B97E01816EA8}.Debug|x86.Build.0 = Debug|Any CPU
		{CF848A4D-A797-4D88-B7D4-B97E01816EA8}.Release|Any CPU.ActiveCfg = Release|Any CPU
		{CF848A4D-A797-4D88-B7D4-B97E01816EA8}.Release|Any CPU.Build.0 = Release|Any CPU
		{CF848A4D-A797-4D88-B7D4-B97E01816EA8}.Release|x64.ActiveCfg = Release|Any CPU
		{CF848A4D-A797-4D88-B7D4-B97E01816EA8}.Release|x64.Build.0 = Release|Any CPU
		{CF848A4D-A797-4D88-B7D4-B97E01816EA8}.Release|x86.ActiveCfg = Release|Any CPU
		{CF848A4D-A797-4D88-B7D4-B97E01816EA8}.Release|x86.Build.0 = Release|Any CPU
		{A95C3D4E-A7F8-428F-AB92-DB78D8F7C988}.Debug|Any CPU.ActiveCfg = Debug|Any CPU
		{A95C3D4E-A7F8-428F-AB92-DB78D8F7C988}.Debug|Any CPU.Build.0 = Debug|Any CPU
		{A95C3D4E-A7F8-428F-AB92-DB78D8F7C988}.Debug|x64.ActiveCfg = Debug|Any CPU
		{A95C3D4E-A7F8-428F-AB92-DB78D8F7C988}.Debug|x64.Build.0 = Debug|Any CPU
		{A95C3D4E-A7F8-428F-AB92-DB78D8F7C988}.Debug|x86.ActiveCfg = Debug|Any CPU
		{A95C3D4E-A7F8-428F-AB92-DB78D8F7C988}.Debug|x86.Build.0 = Debug|Any CPU
		{A95C3D4E-A7F8-428F-AB92-DB78D8F7C988}.Release|Any CPU.ActiveCfg = Release|Any CPU
		{A95C3D4E-A7F8-428F-AB92-DB78D8F7C988}.Release|Any CPU.Build.0 = Release|Any CPU
		{A95C3D4E-A7F8-428F-AB92-DB78D8F7C988}.Release|x64.ActiveCfg = Release|Any CPU
		{A95C3D4E-A7F8-428F-AB92-DB78D8F7C988}.Release|x64.Build.0 = Release|Any CPU
		{A95C3D4E-A7F8-428F-AB92-DB78D8F7C988}.Release|x86.ActiveCfg = Release|Any CPU
		{A95C3D4E-A7F8-428F-AB92-DB78D8F7C988}.Release|x86.Build.0 = Release|Any CPU
		{F2ACB569-E6D0-4752-AD17-8D87D63C7FFB}.Debug|Any CPU.ActiveCfg = Debug|Any CPU
		{F2ACB569-E6D0-4752-AD17-8D87D63C7FFB}.Debug|Any CPU.Build.0 = Debug|Any CPU
		{F2ACB569-E6D0-4752-AD17-8D87D63C7FFB}.Debug|x64.ActiveCfg = Debug|Any CPU
		{F2ACB569-E6D0-4752-AD17-8D87D63C7FFB}.Debug|x64.Build.0 = Debug|Any CPU
		{F2ACB569-E6D0-4752-AD17-8D87D63C7FFB}.Debug|x86.ActiveCfg = Debug|Any CPU
		{F2ACB569-E6D0-4752-AD17-8D87D63C7FFB}.Debug|x86.Build.0 = Debug|Any CPU
		{F2ACB569-E6D0-4752-AD17-8D87D63C7FFB}.Release|Any CPU.ActiveCfg = Release|Any CPU
		{F2ACB569-E6D0-4752-AD17-8D87D63C7FFB}.Release|Any CPU.Build.0 = Release|Any CPU
		{F2ACB569-E6D0-4752-AD17-8D87D63C7FFB}.Release|x64.ActiveCfg = Release|Any CPU
		{F2ACB569-E6D0-4752-AD17-8D87D63C7FFB}.Release|x64.Build.0 = Release|Any CPU
		{F2ACB569-E6D0-4752-AD17-8D87D63C7FFB}.Release|x86.ActiveCfg = Release|Any CPU
		{F2ACB569-E6D0-4752-AD17-8D87D63C7FFB}.Release|x86.Build.0 = Release|Any CPU
	EndGlobalSection
	GlobalSection(SolutionProperties) = preSolution
		HideSolutionNode = FALSE
	EndGlobalSection
	GlobalSection(ExtensibilityGlobals) = postSolution
		SolutionGuid = {ACBE6C41-0FAB-4C99-8584-189B84748B2E}
	EndGlobalSection
EndGlobal
